
Microsoft Visual Studio Solution File, Format Version 12.00
# Visual Studio 2013
VisualStudioVersion = 12.0.31101.0
MinimumVisualStudioVersion = 10.0.40219.1
Project("{FAE04EC0-301F-11D3-BF4B-00C04F79EFBC}") = "Mu20.ODataBackend", "ODataBackend/Mu20.ODataBackend.csproj", "{64E4D2D8-BD6F-46C7-82AC-DD9A53EF4A55}"
EndProject
Project("{FAE04EC0-301F-11D3-BF4B-00C04F79EFBC}") = "Mu20.Objects", "Objects/Mu20.Objects.csproj", "{C6ADA3D1-145F-4620-9381-3B59F8BAC7D7}"
EndProject
Global
	GlobalSection(SolutionConfigurationPlatforms) = preSolution
Debug|Any CPU = Debug|Any CPU
Release|Any CPU = Release|Any CPU
	EndGlobalSection
	GlobalSection(ProjectConfigurationPlatforms) = postSolution
		{64E4D2D8-BD6F-46C7-82AC-DD9A53EF4A55}.Debug|Any CPU.ActiveCfg = Debug|Any CPU
		{64E4D2D8-BD6F-46C7-82AC-DD9A53EF4A55}.Debug|Any CPU.Build.0 = Debug|Any CPU
		{64E4D2D8-BD6F-46C7-82AC-DD9A53EF4A55}.Release|Any CPU.ActiveCfg = Release|Any CPU
		{64E4D2D8-BD6F-46C7-82AC-DD9A53EF4A55}.Release|Any CPU.Build.0 = Release|Any CPU
		{C6ADA3D1-145F-4620-9381-3B59F8BAC7D7}.Debug|Any CPU.ActiveCfg = Debug|Any CPU
		{C6ADA3D1-145F-4620-9381-3B59F8BAC7D7}.Debug|Any CPU.Build.0 = Debug|Any CPU
		{C6ADA3D1-145F-4620-9381-3B59F8BAC7D7}.Release|Any CPU.ActiveCfg = Release|Any CPU
		{C6ADA3D1-145F-4620-9381-3B59F8BAC7D7}.Release|Any CPU.Build.0 = Release|Any CPU
	EndGlobalSection
	GlobalSection(SolutionProperties) = preSolution
		HideSolutionNode = FALSE
	EndGlobalSection
EndGlobal
